
Microsoft Visual Studio Solution File, Format Version 12.00
# Visual Studio 2015
Project("{FAE04EC0-301F-11D3-BF4B-00C04F79EFBC}") = "Wolpertinger.CSharp", "Wolpertinger.CSharp.csproj", "{170B9114-9BA1-AB64-0070-F48EB8B0EDBC}"
EndProject
Project("{FAE04EC0-301F-11D3-BF4B-00C04F79EFBC}") = "Wolpertinger.CSharp.Editor", "Wolpertinger.CSharp.Editor.csproj", "{EF6B40FB-15CE-155B-4745-482C0A2A0FC2}"
EndProject
Global
	GlobalSection(SolutionConfigurationPlatforms) = preSolution
		Debug|Any CPU = Debug|Any CPU
		Release|Any CPU = Release|Any CPU
	EndGlobalSection
	GlobalSection(ProjectConfigurationPlatforms) = postSolution
		{170B9114-9BA1-AB64-0070-F48EB8B0EDBC}.Debug|Any CPU.ActiveCfg = Debug|Any CPU
		{170B9114-9BA1-AB64-0070-F48EB8B0EDBC}.Debug|Any CPU.Build.0 = Debug|Any CPU
		{170B9114-9BA1-AB64-0070-F48EB8B0EDBC}.Release|Any CPU.ActiveCfg = Release|Any CPU
		{170B9114-9BA1-AB64-0070-F48EB8B0EDBC}.Release|Any CPU.Build.0 = Release|Any CPU
		{EF6B40FB-15CE-155B-4745-482C0A2A0FC2}.Debug|Any CPU.ActiveCfg = Debug|Any CPU
		{EF6B40FB-15CE-155B-4745-482C0A2A0FC2}.Debug|Any CPU.Build.0 = Debug|Any CPU
		{EF6B40FB-15CE-155B-4745-482C0A2A0FC2}.Release|Any CPU.ActiveCfg = Release|Any CPU
		{EF6B40FB-15CE-155B-4745-482C0A2A0FC2}.Release|Any CPU.Build.0 = Release|Any CPU
	EndGlobalSection
	GlobalSection(SolutionProperties) = preSolution
		HideSolutionNode = FALSE
	EndGlobalSection
EndGlobal
